
Microsoft Visual Studio Solution File, Format Version 12.00
# Visual Studio Version 17
VisualStudioVersion = 17.7.34031.279
MinimumVisualStudioVersion = 10.0.40219.1
Project("{2150E333-8FDC-42A3-9474-1A3956D46DE8}") = "src", "src", "{C3DAE1AE-3ABA-4518-807E-A62D82E982E0}"
EndProject
Project("{2150E333-8FDC-42A3-9474-1A3956D46DE8}") = "tests", "tests", "{053C25D5-BDA8-4FD1-A756-2883FE1204E2}"
EndProject
Project("{2150E333-8FDC-42A3-9474-1A3956D46DE8}") = "UI", "UI", "{7B887D91-8E3C-4782-B7EC-375E72D8FF7D}"
EndProject
Project("{2150E333-8FDC-42A3-9474-1A3956D46DE8}") = "Infrastructure", "Infrastructure", "{3583B18C-2B0F-4EE3-B1AE-5BB1C4D32CB5}"
EndProject
Project("{2150E333-8FDC-42A3-9474-1A3956D46DE8}") = "Core", "Core", "{467296A2-773D-4DAC-B548-16ACACFBD1ED}"
EndProject
Project("{2150E333-8FDC-42A3-9474-1A3956D46DE8}") = "API", "API", "{784BED5F-D67A-439D-9B41-F37A54A87FEA}"
EndProject
Project("{9A19103F-16F7-4668-BE54-9A1E7A4F7556}") = "HR.Leave.Management.Domain", "HR.Leave.Management.Domain\HR.Leave.Management.Domain.csproj", "{9F25FE41-CAEF-4FED-8C70-705C543CF571}"
EndProject
Project("{FAE04EC0-301F-11D3-BF4B-00C04F79EFBC}") = "HR.Leave.Management.Application", "HR.Leave.Management.Application\HR.Leave.Management.Application.csproj", "{04092D2D-D89B-4CE9-8979-31AE4CC49860}"
EndProject
Global
	GlobalSection(SolutionConfigurationPlatforms) = preSolution
		Debug|Any CPU = Debug|Any CPU
		Release|Any CPU = Release|Any CPU
	EndGlobalSection
	GlobalSection(ProjectConfigurationPlatforms) = postSolution
		{9F25FE41-CAEF-4FED-8C70-705C543CF571}.Debug|Any CPU.ActiveCfg = Debug|Any CPU
		{9F25FE41-CAEF-4FED-8C70-705C543CF571}.Debug|Any CPU.Build.0 = Debug|Any CPU
		{9F25FE41-CAEF-4FED-8C70-705C543CF571}.Release|Any CPU.ActiveCfg = Release|Any CPU
		{9F25FE41-CAEF-4FED-8C70-705C543CF571}.Release|Any CPU.Build.0 = Release|Any CPU
		{04092D2D-D89B-4CE9-8979-31AE4CC49860}.Debug|Any CPU.ActiveCfg = Debug|Any CPU
		{04092D2D-D89B-4CE9-8979-31AE4CC49860}.Debug|Any CPU.Build.0 = Debug|Any CPU
		{04092D2D-D89B-4CE9-8979-31AE4CC49860}.Release|Any CPU.ActiveCfg = Release|Any CPU
		{04092D2D-D89B-4CE9-8979-31AE4CC49860}.Release|Any CPU.Build.0 = Release|Any CPU
	EndGlobalSection
	GlobalSection(SolutionProperties) = preSolution
		HideSolutionNode = FALSE
	EndGlobalSection
	GlobalSection(NestedProjects) = preSolution
		{7B887D91-8E3C-4782-B7EC-375E72D8FF7D} = {C3DAE1AE-3ABA-4518-807E-A62D82E982E0}
		{3583B18C-2B0F-4EE3-B1AE-5BB1C4D32CB5} = {C3DAE1AE-3ABA-4518-807E-A62D82E982E0}
		{467296A2-773D-4DAC-B548-16ACACFBD1ED} = {C3DAE1AE-3ABA-4518-807E-A62D82E982E0}
		{784BED5F-D67A-439D-9B41-F37A54A87FEA} = {C3DAE1AE-3ABA-4518-807E-A62D82E982E0}
		{9F25FE41-CAEF-4FED-8C70-705C543CF571} = {467296A2-773D-4DAC-B548-16ACACFBD1ED}
		{04092D2D-D89B-4CE9-8979-31AE4CC49860} = {467296A2-773D-4DAC-B548-16ACACFBD1ED}
	EndGlobalSection
	GlobalSection(ExtensibilityGlobals) = postSolution
		SolutionGuid = {7083A981-C002-4E6A-83D0-8F5A09B6524D}
	EndGlobalSection
EndGlobal
